
Microsoft Visual Studio Solution File, Format Version 12.00
# Visual Studio Version 17
VisualStudioVersion = 17.2.32630.192
MinimumVisualStudioVersion = 10.0.40219.1
Project("{9A19103F-16F7-4668-BE54-9A1E7A4F7556}") = "ConnectFour.App", "ConnectFour.App\ConnectFour.App.csproj", "{3DEFFDD3-9BD5-4C8A-97A6-0F1589B322AF}"
EndProject
Project("{FAE04EC0-301F-11D3-BF4B-00C04F79EFBC}") = "ConnectFour.App.Tests", "ConnectFour.App.Tests\ConnectFour.App.Tests.csproj", "{603D7E40-FC9E-4ED0-A640-4A2271C808BD}"
EndProject
Global
	GlobalSection(SolutionConfigurationPlatforms) = preSolution
		Debug|Any CPU = Debug|Any CPU
		Release|Any CPU = Release|Any CPU
	EndGlobalSection
	GlobalSection(ProjectConfigurationPlatforms) = postSolution
		{3DEFFDD3-9BD5-4C8A-97A6-0F1589B322AF}.Debug|Any CPU.ActiveCfg = Debug|Any CPU
		{3DEFFDD3-9BD5-4C8A-97A6-0F1589B322AF}.Debug|Any CPU.Build.0 = Debug|Any CPU
		{3DEFFDD3-9BD5-4C8A-97A6-0F1589B322AF}.Release|Any CPU.ActiveCfg = Release|Any CPU
		{3DEFFDD3-9BD5-4C8A-97A6-0F1589B322AF}.Release|Any CPU.Build.0 = Release|Any CPU
		{603D7E40-FC9E-4ED0-A640-4A2271C808BD}.Debug|Any CPU.ActiveCfg = Debug|Any CPU
		{603D7E40-FC9E-4ED0-A640-4A2271C808BD}.Debug|Any CPU.Build.0 = Debug|Any CPU
		{603D7E40-FC9E-4ED0-A640-4A2271C808BD}.Release|Any CPU.ActiveCfg = Release|Any CPU
		{603D7E40-FC9E-4ED0-A640-4A2271C808BD}.Release|Any CPU.Build.0 = Release|Any CPU
	EndGlobalSection
	GlobalSection(SolutionProperties) = preSolution
		HideSolutionNode = FALSE
	EndGlobalSection
	GlobalSection(ExtensibilityGlobals) = postSolution
		SolutionGuid = {0B407961-BBD4-4560-8835-846CB7925355}
	EndGlobalSection
EndGlobal
